
Microsoft Visual Studio Solution File, Format Version 12.00
# Visual Studio 15
VisualStudioVersion = 15.0.27428.2015
MinimumVisualStudioVersion = 10.0.40219.1
Project("{FAE04EC0-301F-11D3-BF4B-00C04F79EFBC}") = "ContactBook.Android", "ContactBook\ContactBook.Android\ContactBook.Android.csproj", "{F4528003-DBE2-4251-918F-9FD9CB037078}"
EndProject
Project("{FAE04EC0-301F-11D3-BF4B-00C04F79EFBC}") = "ContactBook.iOS", "ContactBook\ContactBook.iOS\ContactBook.iOS.csproj", "{1D57F12C-7515-42F3-9891-2A1D6DA8E819}"
EndProject
Project("{FAE04EC0-301F-11D3-BF4B-00C04F79EFBC}") = "ContactBook.UWP", "ContactBook\ContactBook.UWP\ContactBook.UWP.csproj", "{1A6E5A6F-FAC5-4AB7-B67C-485FF0BDABA8}"
EndProject
Project("{D954291E-2A0B-460D-934E-DC6B0785DB48}") = "ContactBook", "ContactBook\ContactBook\ContactBook.shproj", "{75400B8E-14F6-4DCB-A1BC-8700DBD974F7}"
EndProject
Global
	GlobalSection(SharedMSBuildProjectFiles) = preSolution
		ContactBook\ContactBook\ContactBook.projitems*{1a6e5a6f-fac5-4ab7-b67c-485ff0bdaba8}*SharedItemsImports = 4
		ContactBook\ContactBook\ContactBook.projitems*{1d57f12c-7515-42f3-9891-2a1d6da8e819}*SharedItemsImports = 4
		ContactBook\ContactBook\ContactBook.projitems*{75400b8e-14f6-4dcb-a1bc-8700dbd974f7}*SharedItemsImports = 13
		ContactBook\ContactBook\ContactBook.projitems*{f4528003-dbe2-4251-918f-9fd9cb037078}*SharedItemsImports = 4
	EndGlobalSection
	GlobalSection(SolutionConfigurationPlatforms) = preSolution
		Ad-Hoc|Any CPU = Ad-Hoc|Any CPU
		Ad-Hoc|ARM = Ad-Hoc|ARM
		Ad-Hoc|iPhone = Ad-Hoc|iPhone
		Ad-Hoc|iPhoneSimulator = Ad-Hoc|iPhoneSimulator
		Ad-Hoc|x64 = Ad-Hoc|x64
		Ad-Hoc|x86 = Ad-Hoc|x86
		AppStore|Any CPU = AppStore|Any CPU
		AppStore|ARM = AppStore|ARM
		AppStore|iPhone = AppStore|iPhone
		AppStore|iPhoneSimulator = AppStore|iPhoneSimulator
		AppStore|x64 = AppStore|x64
		AppStore|x86 = AppStore|x86
		Debug|Any CPU = Debug|Any CPU
		Debug|ARM = Debug|ARM
		Debug|iPhone = Debug|iPhone
		Debug|iPhoneSimulator = Debug|iPhoneSimulator
		Debug|x64 = Debug|x64
		Debug|x86 = Debug|x86
		Release|Any CPU = Release|Any CPU
		Release|ARM = Release|ARM
		Release|iPhone = Release|iPhone
		Release|iPhoneSimulator = Release|iPhoneSimulator
		Release|x64 = Release|x64
		Release|x86 = Release|x86
	EndGlobalSection
	GlobalSection(ProjectConfigurationPlatforms) = postSolution
		{F4528003-DBE2-4251-918F-9FD9CB037078}.Ad-Hoc|Any CPU.ActiveCfg = Release|Any CPU
		{F4528003-DBE2-4251-918F-9FD9CB037078}.Ad-Hoc|Any CPU.Build.0 = Release|Any CPU
		{F4528003-DBE2-4251-918F-9FD9CB037078}.Ad-Hoc|Any CPU.Deploy.0 = Release|Any CPU
		{F4528003-DBE2-4251-918F-9FD9CB037078}.Ad-Hoc|ARM.ActiveCfg = Release|Any CPU
		{F4528003-DBE2-4251-918F-9FD9CB037078}.Ad-Hoc|ARM.Build.0 = Release|Any CPU
		{F4528003-DBE2-4251-918F-9FD9CB037078}.Ad-Hoc|ARM.Deploy.0 = Release|Any CPU
		{F4528003-DBE2-4251-918F-9FD9CB037078}.Ad-Hoc|iPhone.ActiveCfg = Release|Any CPU
		{F4528003-DBE2-4251-918F-9FD9CB037078}.Ad-Hoc|iPhone.Build.0 = Release|Any CPU
		{F4528003-DBE2-4251-918F-9FD9CB037078}.Ad-Hoc|iPhone.Deploy.0 = Release|Any CPU
		{F4528003-DBE2-4251-918F-9FD9CB037078}.Ad-Hoc|iPhoneSimulator.ActiveCfg = Release|Any CPU
		{F4528003-DBE2-4251-918F-9FD9CB037078}.Ad-Hoc|iPhoneSimulator.Build.0 = Release|Any CPU
		{F4528003-DBE2-4251-918F-9FD9CB037078}.Ad-Hoc|iPhoneSimulator.Deploy.0 = Release|Any CPU
		{F4528003-DBE2-4251-918F-9FD9CB037078}.Ad-Hoc|x64.ActiveCfg = Release|Any CPU
		{F4528003-DBE2-4251-918F-9FD9CB037078}.Ad-Hoc|x64.Build.0 = Release|Any CPU
		{F4528003-DBE2-4251-918F-9FD9CB037078}.Ad-Hoc|x64.Deploy.0 = Release|Any CPU
		{F4528003-DBE2-4251-918F-9FD9CB037078}.Ad-Hoc|x86.ActiveCfg = Release|Any CPU
		{F4528003-DBE2-4251-918F-9FD9CB037078}.Ad-Hoc|x86.Build.0 = Release|Any CPU
		{F4528003-DBE2-4251-918F-9FD9CB037078}.Ad-Hoc|x86.Deploy.0 = Release|Any CPU
		{F4528003-DBE2-4251-918F-9FD9CB037078}.AppStore|Any CPU.ActiveCfg = Release|Any CPU
		{F4528003-DBE2-4251-918F-9FD9CB037078}.AppStore|Any CPU.Build.0 = Release|Any CPU
		{F4528003-DBE2-4251-918F-9FD9CB037078}.AppStore|Any CPU.Deploy.0 = Release|Any CPU
		{F4528003-DBE2-4251-918F-9FD9CB037078}.AppStore|ARM.ActiveCfg = Release|Any CPU
		{F4528003-DBE2-4251-918F-9FD9CB037078}.AppStore|ARM.Build.0 = Release|Any CPU
		{F4528003-DBE2-4251-918F-9FD9CB037078}.AppStore|ARM.Deploy.0 = Release|Any CPU
		{F4528003-DBE2-4251-918F-9FD9CB037078}.AppStore|iPhone.ActiveCfg = Release|Any CPU
		{F4528003-DBE2-4251-918F-9FD9CB037078}.AppStore|iPhone.Build.0 = Release|Any CPU
		{F4528003-DBE2-4251-918F-9FD9CB037078}.AppStore|iPhone.Deploy.0 = Release|Any CPU
		{F4528003-DBE2-4251-918F-9FD9CB037078}.AppStore|iPhoneSimulator.ActiveCfg = Release|Any CPU
		{F4528003-DBE2-4251-918F-9FD9CB037078}.AppStore|iPhoneSimulator.Build.0 = Release|Any CPU
		{F4528003-DBE2-4251-918F-9FD9CB037078}.AppStore|iPhoneSimulator.Deploy.0 = Release|Any CPU
		{F4528003-DBE2-4251-918F-9FD9CB037078}.AppStore|x64.ActiveCfg = Release|Any CPU
		{F4528003-DBE2-4251-918F-9FD9CB037078}.AppStore|x64.Build.0 = Release|Any CPU
		{F4528003-DBE2-4251-918F-9FD9CB037078}.AppStore|x64.Deploy.0 = Release|Any CPU
		{F4528003-DBE2-4251-918F-9FD9CB037078}.AppStore|x86.ActiveCfg = Release|Any CPU
		{F4528003-DBE2-4251-918F-9FD9CB037078}.AppStore|x86.Build.0 = Release|Any CPU
		{F4528003-DBE2-4251-918F-9FD9CB037078}.AppStore|x86.Deploy.0 = Release|Any CPU
		{F4528003-DBE2-4251-918F-9FD9CB037078}.Debug|Any CPU.ActiveCfg = Debug|Any CPU
		{F4528003-DBE2-4251-918F-9FD9CB037078}.Debug|Any CPU.Build.0 = Debug|Any CPU
		{F4528003-DBE2-4251-918F-9FD9CB037078}.Debug|Any CPU.Deploy.0 = Debug|Any CPU
		{F4528003-DBE2-4251-918F-9FD9CB037078}.Debug|ARM.ActiveCfg = Debug|Any CPU
		{F4528003-DBE2-4251-918F-9FD9CB037078}.Debug|ARM.Build.0 = Debug|Any CPU
		{F4528003-DBE2-4251-918F-9FD9CB037078}.Debug|ARM.Deploy.0 = Debug|Any CPU
		{F4528003-DBE2-4251-918F-9FD9CB037078}.Debug|iPhone.ActiveCfg = Debug|Any CPU
		{F4528003-DBE2-4251-918F-9FD9CB037078}.Debug|iPhone.Build.0 = Debug|Any CPU
		{F4528003-DBE2-4251-918F-9FD9CB037078}.Debug|iPhone.Deploy.0 = Debug|Any CPU
		{F4528003-DBE2-4251-918F-9FD9CB037078}.Debug|iPhoneSimulator.ActiveCfg = Debug|Any CPU
		{F4528003-DBE2-4251-918F-9FD9CB037078}.Debug|iPhoneSimulator.Build.0 = Debug|Any CPU
		{F4528003-DBE2-4251-918F-9FD9CB037078}.Debug|iPhoneSimulator.Deploy.0 = Debug|Any CPU
		{F4528003-DBE2-4251-918F-9FD9CB037078}.Debug|x64.ActiveCfg = Debug|Any CPU
		{F4528003-DBE2-4251-918F-9FD9CB037078}.Debug|x64.Build.0 = Debug|Any CPU
		{F4528003-DBE2-4251-918F-9FD9CB037078}.Debug|x64.Deploy.0 = Debug|Any CPU
		{F4528003-DBE2-4251-918F-9FD9CB037078}.Debug|x86.ActiveCfg = Debug|Any CPU
		{F4528003-DBE2-4251-918F-9FD9CB037078}.Debug|x86.Build.0 = Debug|Any CPU
		{F4528003-DBE2-4251-918F-9FD9CB037078}.Debug|x86.Deploy.0 = Debug|Any CPU
		{F4528003-DBE2-4251-918F-9FD9CB037078}.Release|Any CPU.ActiveCfg = Release|Any CPU
		{F4528003-DBE2-4251-918F-9FD9CB037078}.Release|Any CPU.Build.0 = Release|Any CPU
		{F4528003-DBE2-4251-918F-9FD9CB037078}.Release|Any CPU.Deploy.0 = Release|Any CPU
		{F4528003-DBE2-4251-918F-9FD9CB037078}.Release|ARM.ActiveCfg = Release|Any CPU
		{F4528003-DBE2-4251-918F-9FD9CB037078}.Release|ARM.Build.0 = Release|Any CPU
		{F4528003-DBE2-4251-918F-9FD9CB037078}.Release|ARM.Deploy.0 = Release|Any CPU
		{F4528003-DBE2-4251-918F-9FD9CB037078}.Release|iPhone.ActiveCfg = Release|Any CPU
		{F4528003-DBE2-4251-918F-9FD9CB037078}.Release|iPhone.Build.0 = Release|Any CPU
		{F4528003-DBE2-4251-918F-9FD9CB037078}.Release|iPhone.Deploy.0 = Release|Any CPU
		{F4528003-DBE2-4251-918F-9FD9CB037078}.Release|iPhoneSimulator.ActiveCfg = Release|Any CPU
		{F4528003-DBE2-4251-918F-9FD9CB037078}.Release|iPhoneSimulator.Build.0 = Release|Any CPU
		{F4528003-DBE2-4251-918F-9FD9CB037078}.Release|iPhoneSimulator.Deploy.0 = Release|Any CPU
		{F4528003-DBE2-4251-918F-9FD9CB037078}.Release|x64.ActiveCfg = Release|Any CPU
		{F4528003-DBE2-4251-918F-9FD9CB037078}.Release|x64.Build.0 = Release|Any CPU
		{F4528003-DBE2-4251-918F-9FD9CB037078}.Release|x64.Deploy.0 = Release|Any CPU
		{F4528003-DBE2-4251-918F-9FD9CB037078}.Release|x86.ActiveCfg = Release|Any CPU
		{F4528003-DBE2-4251-918F-9FD9CB037078}.Release|x86.Build.0 = Release|Any CPU
		{F4528003-DBE2-4251-918F-9FD9CB037078}.Release|x86.Deploy.0 = Release|Any CPU
		{1D57F12C-7515-42F3-9891-2A1D6DA8E819}.Ad-Hoc|Any CPU.ActiveCfg = Ad-Hoc|iPhone
		{1D57F12C-7515-42F3-9891-2A1D6DA8E819}.Ad-Hoc|ARM.ActiveCfg = Ad-Hoc|iPhone
		{1D57F12C-7515-42F3-9891-2A1D6DA8E819}.Ad-Hoc|iPhone.ActiveCfg = Ad-Hoc|iPhone
		{1D57F12C-7515-42F3-9891-2A1D6DA8E819}.Ad-Hoc|iPhone.Build.0 = Ad-Hoc|iPhone
		{1D57F12C-7515-42F3-9891-2A1D6DA8E819}.Ad-Hoc|iPhoneSimulator.ActiveCfg = Ad-Hoc|iPhoneSimulator
		{1D57F12C-7515-42F3-9891-2A1D6DA8E819}.Ad-Hoc|iPhoneSimulator.Build.0 = Ad-Hoc|iPhoneSimulator
		{1D57F12C-7515-42F3-9891-2A1D6DA8E819}.Ad-Hoc|x64.ActiveCfg = Ad-Hoc|iPhone
		{1D57F12C-7515-42F3-9891-2A1D6DA8E819}.Ad-Hoc|x86.ActiveCfg = Ad-Hoc|iPhone
		{1D57F12C-7515-42F3-9891-2A1D6DA8E819}.AppStore|Any CPU.ActiveCfg = AppStore|iPhone
		{1D57F12C-7515-42F3-9891-2A1D6DA8E819}.AppStore|ARM.ActiveCfg = AppStore|iPhone
		{1D57F12C-7515-42F3-9891-2A1D6DA8E819}.AppStore|iPhone.ActiveCfg = AppStore|iPhone
		{1D57F12C-7515-42F3-9891-2A1D6DA8E819}.AppStore|iPhone.Build.0 = AppStore|iPhone
		{1D57F12C-7515-42F3-9891-2A1D6DA8E819}.AppStore|iPhoneSimulator.ActiveCfg = AppStore|iPhoneSimulator
		{1D57F12C-7515-42F3-9891-2A1D6DA8E819}.AppStore|iPhoneSimulator.Build.0 = AppStore|iPhoneSimulator
		{1D57F12C-7515-42F3-9891-2A1D6DA8E819}.AppStore|x64.ActiveCfg = AppStore|iPhone
		{1D57F12C-7515-42F3-9891-2A1D6DA8E819}.AppStore|x86.ActiveCfg = AppStore|iPhone
		{1D57F12C-7515-42F3-9891-2A1D6DA8E819}.Debug|Any CPU.ActiveCfg = Debug|iPhone
		{1D57F12C-7515-42F3-9891-2A1D6DA8E819}.Debug|ARM.ActiveCfg = Debug|iPhone
		{1D57F12C-7515-42F3-9891-2A1D6DA8E819}.Debug|iPhone.ActiveCfg = Debug|iPhone
		{1D57F12C-7515-42F3-9891-2A1D6DA8E819}.Debug|iPhone.Build.0 = Debug|iPhone
		{1D57F12C-7515-42F3-9891-2A1D6DA8E819}.Debug|iPhoneSimulator.ActiveCfg = Debug|iPhoneSimulator
		{1D57F12C-7515-42F3-9891-2A1D6DA8E819}.Debug|iPhoneSimulator.Build.0 = Debug|iPhoneSimulator
		{1D57F12C-7515-42F3-9891-2A1D6DA8E819}.Debug|x64.ActiveCfg = Debug|iPhone
		{1D57F12C-7515-42F3-9891-2A1D6DA8E819}.Debug|x86.ActiveCfg = Debug|iPhone
		{1D57F12C-7515-42F3-9891-2A1D6DA8E819}.Release|Any CPU.ActiveCfg = Release|iPhone
		{1D57F12C-7515-42F3-9891-2A1D6DA8E819}.Release|ARM.ActiveCfg = Release|iPhone
		{1D57F12C-7515-42F3-9891-2A1D6DA8E819}.Release|iPhone.ActiveCfg = Release|iPhone
		{1D57F12C-7515-42F3-9891-2A1D6DA8E819}.Release|iPhone.Build.0 = Release|iPhone
		{1D57F12C-7515-42F3-9891-2A1D6DA8E819}.Release|iPhoneSimulator.ActiveCfg = Release|iPhoneSimulator
		{1D57F12C-7515-42F3-9891-2A1D6DA8E819}.Release|iPhoneSimulator.Build.0 = Release|iPhoneSimulator
		{1D57F12C-7515-42F3-9891-2A1D6DA8E819}.Release|x64.ActiveCfg = Release|iPhone
		{1D57F12C-7515-42F3-9891-2A1D6DA8E819}.Release|x86.ActiveCfg = Release|iPhone
		{1A6E5A6F-FAC5-4AB7-B67C-485FF0BDABA8}.Ad-Hoc|Any CPU.ActiveCfg = Release|x86
		{1A6E5A6F-FAC5-4AB7-B67C-485FF0BDABA8}.Ad-Hoc|Any CPU.Build.0 = Release|x86
		{1A6E5A6F-FAC5-4AB7-B67C-485FF0BDABA8}.Ad-Hoc|Any CPU.Deploy.0 = Release|x86
		{1A6E5A6F-FAC5-4AB7-B67C-485FF0BDABA8}.Ad-Hoc|ARM.ActiveCfg = Release|ARM
		{1A6E5A6F-FAC5-4AB7-B67C-485FF0BDABA8}.Ad-Hoc|ARM.Build.0 = Release|ARM
		{1A6E5A6F-FAC5-4AB7-B67C-485FF0BDABA8}.Ad-Hoc|ARM.Deploy.0 = Release|ARM
		{1A6E5A6F-FAC5-4AB7-B67C-485FF0BDABA8}.Ad-Hoc|iPhone.ActiveCfg = Release|x86
		{1A6E5A6F-FAC5-4AB7-B67C-485FF0BDABA8}.Ad-Hoc|iPhone.Build.0 = Release|x86
		{1A6E5A6F-FAC5-4AB7-B67C-485FF0BDABA8}.Ad-Hoc|iPhone.Deploy.0 = Release|x86
		{1A6E5A6F-FAC5-4AB7-B67C-485FF0BDABA8}.Ad-Hoc|iPhoneSimulator.ActiveCfg = Release|x86
		{1A6E5A6F-FAC5-4AB7-B67C-485FF0BDABA8}.Ad-Hoc|iPhoneSimulator.Build.0 = Release|x86
		{1A6E5A6F-FAC5-4AB7-B67C-485FF0BDABA8}.Ad-Hoc|iPhoneSimulator.Deploy.0 = Release|x86
		{1A6E5A6F-FAC5-4AB7-B67C-485FF0BDABA8}.Ad-Hoc|x64.ActiveCfg = Release|x64
		{1A6E5A6F-FAC5-4AB7-B67C-485FF0BDABA8}.Ad-Hoc|x64.Build.0 = Release|x64
		{1A6E5A6F-FAC5-4AB7-B67C-485FF0BDABA8}.Ad-Hoc|x64.Deploy.0 = Release|x64
		{1A6E5A6F-FAC5-4AB7-B67C-485FF0BDABA8}.Ad-Hoc|x86.ActiveCfg = Release|x86
		{1A6E5A6F-FAC5-4AB7-B67C-485FF0BDABA8}.Ad-Hoc|x86.Build.0 = Release|x86
		{1A6E5A6F-FAC5-4AB7-B67C-485FF0BDABA8}.Ad-Hoc|x86.Deploy.0 = Release|x86
		{1A6E5A6F-FAC5-4AB7-B67C-485FF0BDABA8}.AppStore|Any CPU.ActiveCfg = Release|x86
		{1A6E5A6F-FAC5-4AB7-B67C-485FF0BDABA8}.AppStore|Any CPU.Build.0 = Release|x86
		{1A6E5A6F-FAC5-4AB7-B67C-485FF0BDABA8}.AppStore|Any CPU.Deploy.0 = Release|x86
		{1A6E5A6F-FAC5-4AB7-B67C-485FF0BDABA8}.AppStore|ARM.ActiveCfg = Release|ARM
		{1A6E5A6F-FAC5-4AB7-B67C-485FF0BDABA8}.AppStore|ARM.Build.0 = Release|ARM
		{1A6E5A6F-FAC5-4AB7-B67C-485FF0BDABA8}.AppStore|ARM.Deploy.0 = Release|ARM
		{1A6E5A6F-FAC5-4AB7-B67C-485FF0BDABA8}.AppStore|iPhone.ActiveCfg = Release|x86
		{1A6E5A6F-FAC5-4AB7-B67C-485FF0BDABA8}.AppStore|iPhone.Build.0 = Release|x86
		{1A6E5A6F-FAC5-4AB7-B67C-485FF0BDABA8}.AppStore|iPhone.Deploy.0 = Release|x86
		{1A6E5A6F-FAC5-4AB7-B67C-485FF0BDABA8}.AppStore|iPhoneSimulator.ActiveCfg = Release|x86
		{1A6E5A6F-FAC5-4AB7-B67C-485FF0BDABA8}.AppStore|iPhoneSimulator.Build.0 = Release|x86
		{1A6E5A6F-FAC5-4AB7-B67C-485FF0BDABA8}.AppStore|iPhoneSimulator.Deploy.0 = Release|x86
		{1A6E5A6F-FAC5-4AB7-B67C-485FF0BDABA8}.AppStore|x64.ActiveCfg = Release|x64
		{1A6E5A6F-FAC5-4AB7-B67C-485FF0BDABA8}.AppStore|x64.Build.0 = Release|x64
		{1A6E5A6F-FAC5-4AB7-B67C-485FF0BDABA8}.AppStore|x64.Deploy.0 = Release|x64
		{1A6E5A6F-FAC5-4AB7-B67C-485FF0BDABA8}.AppStore|x86.ActiveCfg = Release|x86
		{1A6E5A6F-FAC5-4AB7-B67C-485FF0BDABA8}.AppStore|x86.Build.0 = Release|x86
		{1A6E5A6F-FAC5-4AB7-B67C-485FF0BDABA8}.AppStore|x86.Deploy.0 = Release|x86
		{1A6E5A6F-FAC5-4AB7-B67C-485FF0BDABA8}.Debug|Any CPU.ActiveCfg = Debug|x86
		{1A6E5A6F-FAC5-4AB7-B67C-485FF0BDABA8}.Debug|ARM.ActiveCfg = Debug|ARM
		{1A6E5A6F-FAC5-4AB7-B67C-485FF0BDABA8}.Debug|ARM.Build.0 = Debug|ARM
		{1A6E5A6F-FAC5-4AB7-B67C-485FF0BDABA8}.Debug|ARM.Deploy.0 = Debug|ARM
		{1A6E5A6F-FAC5-4AB7-B67C-485FF0BDABA8}.Debug|iPhone.ActiveCfg = Debug|x86
		{1A6E5A6F-FAC5-4AB7-B67C-485FF0BDABA8}.Debug|iPhoneSimulator.ActiveCfg = Debug|x86
		{1A6E5A6F-FAC5-4AB7-B67C-485FF0BDABA8}.Debug|x64.ActiveCfg = Debug|x64
		{1A6E5A6F-FAC5-4AB7-B67C-485FF0BDABA8}.Debug|x64.Build.0 = Debug|x64
		{1A6E5A6F-FAC5-4AB7-B67C-485FF0BDABA8}.Debug|x64.Deploy.0 = Debug|x64
		{1A6E5A6F-FAC5-4AB7-B67C-485FF0BDABA8}.Debug|x86.ActiveCfg = Debug|x86
		{1A6E5A6F-FAC5-4AB7-B67C-485FF0BDABA8}.Debug|x86.Build.0 = Debug|x86
		{1A6E5A6F-FAC5-4AB7-B67C-485FF0BDABA8}.Debug|x86.Deploy.0 = Debug|x86
		{1A6E5A6F-FAC5-4AB7-B67C-485FF0BDABA8}.Release|Any CPU.ActiveCfg = Release|x86
		{1A6E5A6F-FAC5-4AB7-B67C-485FF0BDABA8}.Release|ARM.ActiveCfg = Release|ARM
		{1A6E5A6F-FAC5-4AB7-B67C-485FF0BDABA8}.Release|ARM.Build.0 = Release|ARM
		{1A6E5A6F-FAC5-4AB7-B67C-485FF0BDABA8}.Release|ARM.Deploy.0 = Release|ARM
		{1A6E5A6F-FAC5-4AB7-B67C-485FF0BDABA8}.Release|iPhone.ActiveCfg = Release|x86
		{1A6E5A6F-FAC5-4AB7-B67C-485FF0BDABA8}.Release|iPhoneSimulator.ActiveCfg = Release|x86
		{1A6E5A6F-FAC5-4AB7-B67C-485FF0BDABA8}.Release|x64.ActiveCfg = Release|x64
		{1A6E5A6F-FAC5-4AB7-B67C-485FF0BDABA8}.Release|x64.Build.0 = Release|x64
		{1A6E5A6F-FAC5-4AB7-B67C-485FF0BDABA8}.Release|x64.Deploy.0 = Release|x64
		{1A6E5A6F-FAC5-4AB7-B67C-485FF0BDABA8}.Release|x86.ActiveCfg = Release|x86
		{1A6E5A6F-FAC5-4AB7-B67C-485FF0BDABA8}.Release|x86.Build.0 = Release|x86
		{1A6E5A6F-FAC5-4AB7-B67C-485FF0BDABA8}.Release|x86.Deploy.0 = Release|x86
	EndGlobalSection
	GlobalSection(SolutionProperties) = preSolution
		HideSolutionNode = FALSE
	EndGlobalSection
	GlobalSection(ExtensibilityGlobals) = postSolution
		SolutionGuid = {A3540BBF-661A-4080-A4C2-08FA4E9749C0}
	EndGlobalSection
EndGlobal
